
Microsoft Visual Studio Solution File, Format Version 12.00
# Visual Studio Version 16
VisualStudioVersion = 16.0.28729.10
MinimumVisualStudioVersion = 10.0.40219.1
Project("{FAE04EC0-301F-11D3-BF4B-00C04F79EFBC}") = "ER_Inventory v.1", "ER_Inventory v.1\ER_Inventory v.1.csproj", "{313A6037-66F8-4E1F-959C-555C8371766B}"
EndProject
Global
	GlobalSection(SolutionConfigurationPlatforms) = preSolution
		Debug|Any CPU = Debug|Any CPU
		Release|Any CPU = Release|Any CPU
	EndGlobalSection
	GlobalSection(ProjectConfigurationPlatforms) = postSolution
		{313A6037-66F8-4E1F-959C-555C8371766B}.Debug|Any CPU.ActiveCfg = Debug|Any CPU
		{313A6037-66F8-4E1F-959C-555C8371766B}.Debug|Any CPU.Build.0 = Debug|Any CPU
		{313A6037-66F8-4E1F-959C-555C8371766B}.Release|Any CPU.ActiveCfg = Release|Any CPU
		{313A6037-66F8-4E1F-959C-555C8371766B}.Release|Any CPU.Build.0 = Release|Any CPU
	EndGlobalSection
	GlobalSection(SolutionProperties) = preSolution
		HideSolutionNode = FALSE
	EndGlobalSection
	GlobalSection(ExtensibilityGlobals) = postSolution
		SolutionGuid = {38AC75C9-DE02-4036-A354-53B60D96F675}
	EndGlobalSection
EndGlobal
